
Microsoft Visual Studio Solution File, Format Version 12.00
# Visual Studio Version 16
VisualStudioVersion = 16.0.29519.87
MinimumVisualStudioVersion = 10.0.40219.1
Project("{FAE04EC0-301F-11D3-BF4B-00C04F79EFBC}") = "SalesWebMvc", "SalesWebMvc\SalesWebMvc.csproj", "{F824B319-89B8-4C27-A2CE-26B8B589F1C8}"
EndProject
Global
	GlobalSection(SolutionConfigurationPlatforms) = preSolution
		Debug|Any CPU = Debug|Any CPU
		Release|Any CPU = Release|Any CPU
	EndGlobalSection
	GlobalSection(ProjectConfigurationPlatforms) = postSolution
		{F824B319-89B8-4C27-A2CE-26B8B589F1C8}.Debug|Any CPU.ActiveCfg = Debug|Any CPU
		{F824B319-89B8-4C27-A2CE-26B8B589F1C8}.Debug|Any CPU.Build.0 = Debug|Any CPU
		{F824B319-89B8-4C27-A2CE-26B8B589F1C8}.Release|Any CPU.ActiveCfg = Release|Any CPU
		{F824B319-89B8-4C27-A2CE-26B8B589F1C8}.Release|Any CPU.Build.0 = Release|Any CPU
	EndGlobalSection
	GlobalSection(SolutionProperties) = preSolution
		HideSolutionNode = FALSE
	EndGlobalSection
	GlobalSection(ExtensibilityGlobals) = postSolution
		SolutionGuid = {4B272CCB-6DCE-4989-B1F4-C56FAD706674}
	EndGlobalSection
EndGlobal
